// !$*UTF8*$!
{
	archiveVersion = 1;
	classes = {
	};
	objectVersion = 46;
	objects = {

/* Begin PBXBuildFile section */
		972AF9FA1F01FB3100C0220E /* main.m in Sources */ = {isa = PBXBuildFile; fileRef = 972AF9F91F01FB3100C0220E /* main.m */; };
		972AF9FD1F01FB3100C0220E /* AppDelegate.m in Sources */ = {isa = PBXBuildFile; fileRef = 972AF9FC1F01FB3100C0220E /* AppDelegate.m */; };
		972AFA001F01FB3100C0220E /* ViewController.m in Sources */ = {isa = PBXBuildFile; fileRef = 972AF9FF1F01FB3100C0220E /* ViewController.m */; };
		972AFA031F01FB3100C0220E /* Main.storyboard in Resources */ = {isa = PBXBuildFile; fileRef = 972AFA011F01FB3100C0220E /* Main.storyboard */; };
		972AFA051F01FB3100C0220E /* Assets.xcassets in Resources */ = {isa = PBXBuildFile; fileRef = 972AFA041F01FB3100C0220E /* Assets.xcassets */; };
		972AFA081F01FB3100C0220E /* LaunchScreen.storyboard in Resources */ = {isa = PBXBuildFile; fileRef = 972AFA061F01FB3100C0220E /* LaunchScreen.storyboard */; };
		972AFA2D1F01FD2F00C0220E /* ProvinceCityDistrictView.m in Sources */ = {isa = PBXBuildFile; fileRef = 972AFA2C1F01FD2F00C0220E /* ProvinceCityDistrictView.m */; };
		972AFA311F02031300C0220E /* address.plist in Resources */ = {isa = PBXBuildFile; fileRef = 972AFA301F02031300C0220E /* address.plist */; };
/* End PBXBuildFile section */

/* Begin PBXFileReference section */
		972AF9F51F01FB3100C0220E /* 省市区以及邮编.app */ = {isa = PBXFileReference; explicitFileType = wrapper.application; includeInIndex = 0; path = "省市区以及邮编.app"; sourceTree = BUILT_PRODUCTS_DIR; };
		972AF9F91F01FB3100C0220E /* main.m */ = {isa = PBXFileReference; lastKnownFileType = sourcecode.c.objc; path = main.m; sourceTree = "<group>"; };
		972AF9FB1F01FB3100C0220E /* AppDelegate.h */ = {isa = PBXFileReference; lastKnownFileType = sourcecode.c.h; path = AppDelegate.h; sourceTree = "<group>"; };
		972AF9FC1F01FB3100C0220E /* AppDelegate.m */ = {isa = PBXFileReference; lastKnownFileType = sourcecode.c.objc; path = AppDelegate.m; sourceTree = "<group>"; };
		972AF9FE1F01FB3100C0220E /* ViewController.h */ = {isa = PBXFileReference; lastKnownFileType = sourcecode.c.h; path = ViewController.h; sourceTree = "<group>"; };
		972AF9FF1F01FB3100C0220E /* ViewController.m */ = {isa = PBXFileReference; lastKnownFileType = sourcecode.c.objc; path = ViewController.m; sourceTree = "<group>"; };
		972AFA021F01FB3100C0220E /* Base */ = {isa = PBXFileReference; lastKnownFileType = file.storyboard; name = Base; path = Base.lproj/Main.storyboard; sourceTree = "<group>"; };
		972AFA041F01FB3100C0220E /* Assets.xcassets */ = {isa = PBXFileReference; lastKnownFileType = folder.assetcatalog; path = Assets.xcassets; sourceTree = "<group>"; };
		972AFA071F01FB3100C0220E /* Base */ = {isa = PBXFileReference; lastKnownFileType = file.storyboard; name = Base; path = Base.lproj/LaunchScreen.storyboard; sourceTree = "<group>"; };
		972AFA091F01FB3100C0220E /* Info.plist */ = {isa = PBXFileReference; lastKnownFileType = text.plist.xml; path = Info.plist; sourceTree = "<group>"; };
		972AFA2B1F01FD2F00C0220E /* ProvinceCityDistrictView.h */ = {isa = PBXFileReference; fileEncoding = 4; lastKnownFileType = sourcecode.c.h; path = ProvinceCityDistrictView.h; sourceTree = "<group>"; };
		972AFA2C1F01FD2F00C0220E /* ProvinceCityDistrictView.m */ = {isa = PBXFileReference; fileEncoding = 4; lastKnownFileType = sourcecode.c.objc; path = ProvinceCityDistrictView.m; sourceTree = "<group>"; };
		972AFA301F02031300C0220E /* address.plist */ = {isa = PBXFileReference; fileEncoding = 4; lastKnownFileType = text.plist.xml; path = address.plist; sourceTree = "<group>"; };
/* End PBXFileReference section */

/* Begin PBXFrameworksBuildPhase section */
		972AF9F21F01FB3100C0220E /* Frameworks */ = {
			isa = PBXFrameworksBuildPhase;
			buildActionMask = 2147483647;
			files = (
			);
			runOnlyForDeploymentPostprocessing = 0;
		};
/* End PBXFrameworksBuildPhase section */

/* Begin PBXGroup section */
		972AF9EC1F01FB3100C0220E = {
			isa = PBXGroup;
			children = (
				972AF9F71F01FB3100C0220E /* 省市区以及邮编 */,
				972AF9F61F01FB3100C0220E /* Products */,
			);
			sourceTree = "<group>";
		};
		972AF9F61F01FB3100C0220E /* Products */ = {
			isa = PBXGroup;
			children = (
				972AF9F51F01FB3100C0220E /* 省市区以及邮编.app */,
			);
			name = Products;
			sourceTree = "<group>";
		};
		972AF9F71F01FB3100C0220E /* 省市区以及邮编 */ = {
			isa = PBXGroup;
			children = (
				972AF9FB1F01FB3100C0220E /* AppDelegate.h */,
				972AF9FC1F01FB3100C0220E /* AppDelegate.m */,
				972AF9FE1F01FB3100C0220E /* ViewController.h */,
				972AF9FF1F01FB3100C0220E /* ViewController.m */,
				972AFA301F02031300C0220E /* address.plist */,
				972AFA2B1F01FD2F00C0220E /* ProvinceCityDistrictView.h */,
				972AFA2C1F01FD2F00C0220E /* ProvinceCityDistrictView.m */,
				972AFA011F01FB3100C0220E /* Main.storyboard */,
				972AFA041F01FB3100C0220E /* Assets.xcassets */,
				972AFA061F01FB3100C0220E /* LaunchScreen.storyboard */,
				972AFA091F01FB3100C0220E /* Info.plist */,
				972AF9F81F01FB3100C0220E /* Supporting Files */,
			);
			path = "省市区以及邮编";
			sourceTree = "<group>";
		};
		972AF9F81F01FB3100C0220E /* Supporting Files */ = {
			isa = PBXGroup;
			children = (
				972AF9F91F01FB3100C0220E /* main.m */,
			);
			name = "Supporting Files";
			sourceTree = "<group>";
		};
/* End PBXGroup section */

/* Begin PBXNativeTarget section */
		972AF9F41F01FB3100C0220E /* 省市区以及邮编 */ = {
			isa = PBXNativeTarget;
			buildConfigurationList = 972AFA221F01FB3100C0220E /* Build configuration list for PBXNativeTarget "省市区以及邮编" */;
			buildPhases = (
				972AF9F11F01FB3100C0220E /* Sources */,
				972AF9F21F01FB3100C0220E /* Frameworks */,
				972AF9F31F01FB3100C0220E /* Resources */,
			);
			buildRules = (
			);
			dependencies = (
			);
			name = "省市区以及邮编";
			productName = "省市区以及邮编";
			productReference = 972AF9F51F01FB3100C0220E /* 省市区以及邮编.app */;
			productType = "com.apple.product-type.application";
		};
/* End PBXNativeTarget section */

/* Begin PBXProject section */
		972AF9ED1F01FB3100C0220E /* Project object */ = {
			isa = PBXProject;
			attributes = {
				LastUpgradeCheck = 0830;
				ORGANIZATIONNAME = renshen;
				TargetAttributes = {
					972AF9F41F01FB3100C0220E = {
						CreatedOnToolsVersion = 8.3.2;
						DevelopmentTeam = GW8392YV28;
						ProvisioningStyle = Automatic;
					};
				};
			};
			buildConfigurationList = 972AF9F01F01FB3100C0220E /* Build configuration list for PBXProject "省市区以及邮编" */;
			compatibilityVersion = "Xcode 3.2";
			developmentRegion = English;
			hasScannedForEncodings = 0;
			knownRegions = (
				English,
				en,
				Base,
			);
			mainGroup = 972AF9EC1F01FB3100C0220E;
			productRefGroup = 972AF9F61F01FB3100C0220E /* Products */;
			projectDirPath = "";
			projectRoot = "";
			targets = (
				972AF9F41F01FB3100C0220E /* 省市区以及邮编 */,
			);
		};
/* End PBXProject section */

/* Begin PBXResourcesBuildPhase section */
		972AF9F31F01FB3100C0220E /* Resources */ = {
			isa = PBXResourcesBuildPhase;
			buildActionMask = 2147483647;
			files = (
				972AFA081F01FB3100C0220E /* LaunchScreen.storyboard in Resources */,
				972AFA311F02031300C0220E /* address.plist in Resources */,
				972AFA051F01FB3100C0220E /* Assets.xcassets in Resources */,
				972AFA031F01FB3100C0220E /* Main.storyboard in Resources */,
			);
			runOnlyForDeploymentPostprocessing = 0;
		};
/* End PBXResourcesBuildPhase section */

/* Begin PBXSourcesBuildPhase section */
		972AF9F11F01FB3100C0220E /* Sources */ = {
			isa = PBXSourcesBuildPhase;
			buildActionMask = 2147483647;
			files = (
				972AFA001F01FB3100C0220E /* ViewController.m in Sources */,
				972AFA2D1F01FD2F00C0220E /* ProvinceCityDistrictView.m in Sources */,
				972AF9FD1F01FB3100C0220E /* AppDelegate.m in Sources */,
				972AF9FA1F01FB3100C0220E /* main.m in Sources */,
			);
			runOnlyForDeploymentPostprocessing = 0;
		};
/* End PBXSourcesBuildPhase section */

/* Begin PBXVariantGroup section */
		972AFA011F01FB3100C0220E /* Main.storyboard */ = {
			isa = PBXVariantGroup;
			children = (
				972AFA021F01FB3100C0220E /* Base */,
			);
			name = Main.storyboard;
			sourceTree = "<group>";
		};
		972AFA061F01FB3100C0220E /* LaunchScreen.storyboard */ = {
			isa = PBXVariantGroup;
			children = (
				972AFA071F01FB3100C0220E /* Base */,
			);
			name = LaunchScreen.storyboard;
			sourceTree = "<group>";
		};
/* End PBXVariantGroup section */

/* Begin XCBuildConfiguration section */
		972AFA201F01FB3100C0220E /* Debug */ = {
			isa = XCBuildConfiguration;
			buildSettings = {
				ALWAYS_SEARCH_USER_PATHS = NO;
				CLANG_ANALYZER_NONNULL = YES;
				CLANG_ANALYZER_NUMBER_OBJECT_CONVERSION = YES_AGGRESSIVE;
				CLANG_CXX_LANGUAGE_STANDARD = "gnu++0x";
				CLANG_CXX_LIBRARY = "libc++";
				CLANG_ENABLE_MODULES = YES;
				CLANG_ENABLE_OBJC_ARC = YES;
				CLANG_WARN_BOOL_CONVERSION = YES;
				CLANG_WARN_CONSTANT_CONVERSION = YES;
				CLANG_WARN_DIRECT_OBJC_ISA_USAGE = YES_ERROR;
				CLANG_WARN_DOCUMENTATION_COMMENTS = YES;
				CLANG_WARN_EMPTY_BODY = YES;
				CLANG_WARN_ENUM_CONVERSION = YES;
				CLANG_WARN_INFINITE_RECURSION = YES;
				CLANG_WARN_INT_CONVERSION = YES;
				CLANG_WARN_OBJC_ROOT_CLASS = YES_ERROR;
				CLANG_WARN_SUSPICIOUS_MOVE = YES;
				CLANG_WARN_UNREACHABLE_CODE = YES;
				CLANG_WARN__DUPLICATE_METHOD_MATCH = YES;
				"CODE_SIGN_IDENTITY[sdk=iphoneos*]" = "iPhone Developer";
				COPY_PHASE_STRIP = NO;
				DEBUG_INFORMATION_FORMAT = dwarf;
				ENABLE_STRICT_OBJC_MSGSEND = YES;
				ENABLE_TESTABILITY = YES;
				GCC_C_LANGUAGE_STANDARD = gnu99;
				GCC_DYNAMIC_NO_PIC = NO;
				GCC_NO_COMMON_BLOCKS = YES;
				GCC_OPTIMIZATION_LEVEL = 0;
				GCC_PREPROCESSOR_DEFINITIONS = (
					"DEBUG=1",
					"$(inherited)",
				);
				GCC_WARN_64_TO_32_BIT_CONVERSION = YES;
				GCC_WARN_ABOUT_RETURN_TYPE = YES_ERROR;
				GCC_WARN_UNDECLARED_SELECTOR = YES;
				GCC_WARN_UNINITIALIZED_AUTOS = YES_AGGRESSIVE;
				GCC_WARN_UNUSED_FUNCTION = YES;
				GCC_WARN_UNUSED_VARIABLE = YES;
				IPHONEOS_DEPLOYMENT_TARGET = 10.3;
				MTL_ENABLE_DEBUG_INFO = YES;
				ONLY_ACTIVE_ARCH = YES;
				SDKROOT = iphoneos;
			};
			name = Debug;
		};
		972AFA211F01FB3100C0220E /* Release */ = {
			isa = XCBuildConfiguration;
			buildSettings = {
				ALWAYS_SEARCH_USER_PATHS = NO;
				CLANG_ANALYZER_NONNULL = YES;
				CLANG_ANALYZER_NUMBER_OBJECT_CONVERSION = YES_AGGRESSIVE;
				CLANG_CXX_LANGUAGE_STANDARD = "gnu++0x";
				CLANG_CXX_LIBRARY = "libc++";
				CLANG_ENABLE_MODULES = YES;
				CLANG_ENABLE_OBJC_ARC = YES;
				CLANG_WARN_BOOL_CONVERSION = YES;
				CLANG_WARN_CONSTANT_CONVERSION = YES;
				CLANG_WARN_DIRECT_OBJC_ISA_USAGE = YES_ERROR;
				CLANG_WARN_DOCUMENTATION_COMMENTS = YES;
				CLANG_WARN_EMPTY_BODY = YES;
				CLANG_WARN_ENUM_CONVERSION = YES;
				CLANG_WARN_INFINITE_RECURSION = YES;
				CLANG_WARN_INT_CONVERSION = YES;
				CLANG_WARN_OBJC_ROOT_CLASS = YES_ERROR;
				CLANG_WARN_SUSPICIOUS_MOVE = YES;
				CLANG_WARN_UNREACHABLE_CODE = YES;
				CLANG_WARN__DUPLICATE_METHOD_MATCH = YES;
				"CODE_SIGN_IDENTITY[sdk=iphoneos*]" = "iPhone Developer";
				COPY_PHASE_STRIP = NO;
				DEBUG_INFORMATION_FORMAT = "dwarf-with-dsym";
				ENABLE_NS_ASSERTIONS = NO;
				ENABLE_STRICT_OBJC_MSGSEND = YES;
				GCC_C_LANGUAGE_STANDARD = gnu99;
				GCC_NO_COMMON_BLOCKS = YES;
				GCC_WARN_64_TO_32_BIT_CONVERSION = YES;
				GCC_WARN_ABOUT_RETURN_TYPE = YES_ERROR;
				GCC_WARN_UNDECLARED_SELECTOR = YES;
				GCC_WARN_UNINITIALIZED_AUTOS = YES_AGGRESSIVE;
				GCC_WARN_UNUSED_FUNCTION = YES;
				GCC_WARN_UNUSED_VARIABLE = YES;
				IPHONEOS_DEPLOYMENT_TARGET = 10.3;
				MTL_ENABLE_DEBUG_INFO = NO;
				SDKROOT = iphoneos;
				VALIDATE_PRODUCT = YES;
			};
			name = Release;
		};
		972AFA231F01FB3100C0220E /* Debug */ = {
			isa = XCBuildConfiguration;
			buildSettings = {
				ASSETCATALOG_COMPILER_APPICON_NAME = AppIcon;
				DEVELOPMENT_TEAM = GW8392YV28;
				INFOPLIST_FILE = "省市区以及邮编/Info.plist";
				LD_RUNPATH_SEARCH_PATHS = "$(inherited) @executable_path/Frameworks";
				PRODUCT_BUNDLE_IDENTIFIER = renshen.WkWebView;
				PRODUCT_NAME = "$(TARGET_NAME)";
			};
			name = Debug;
		};
		972AFA241F01FB3100C0220E /* Release */ = {
			isa = XCBuildConfiguration;
			buildSettings = {
				ASSETCATALOG_COMPILER_APPICON_NAME = AppIcon;
				DEVELOPMENT_TEAM = GW8392YV28;
				INFOPLIST_FILE = "省市区以及邮编/Info.plist";
				LD_RUNPATH_SEARCH_PATHS = "$(inherited) @executable_path/Frameworks";
				PRODUCT_BUNDLE_IDENTIFIER = renshen.WkWebView;
				PRODUCT_NAME = "$(TARGET_NAME)";
			};
			name = Release;
		};
/* End XCBuildConfiguration section */

/* Begin XCConfigurationList section */
		972AF9F01F01FB3100C0220E /* Build configuration list for PBXProject "省市区以及邮编" */ = {
			isa = XCConfigurationList;
			buildConfigurations = (
				972AFA201F01FB3100C0220E /* Debug */,
				972AFA211F01FB3100C0220E /* Release */,
			);
			defaultConfigurationIsVisible = 0;
			defaultConfigurationName = Release;
		};
		972AFA221F01FB3100C0220E /* Build configuration list for PBXNativeTarget "省市区以及邮编" */ = {
			isa = XCConfigurationList;
			buildConfigurations = (
				972AFA231F01FB3100C0220E /* Debug */,
				972AFA241F01FB3100C0220E /* Release */,
			);
			defaultConfigurationIsVisible = 0;
			defaultConfigurationName = Release;
		};
/* End XCConfigurationList section */
	};
	rootObject = 972AF9ED1F01FB3100C0220E /* Project object */;
}
